
Microsoft Visual Studio Solution File, Format Version 12.00
# Visual Studio Version 16
VisualStudioVersion = 16.0.29709.97
MinimumVisualStudioVersion = 10.0.40219.1
Project("{2150E333-8FDC-42A3-9474-1A3956D46DE8}") = "src", "src", "{E1FC67C1-92CB-4721-A51C-44B06DA81661}"
EndProject
Project("{2150E333-8FDC-42A3-9474-1A3956D46DE8}") = "ApiGateways", "ApiGateways", "{8A09662C-E47C-4A42-BE8A-7B787136188E}"
EndProject
Project("{2150E333-8FDC-42A3-9474-1A3956D46DE8}") = "SkateStore", "SkateStore", "{BE6E2C00-541F-47D7-B5B9-6D9C145D3E16}"
EndProject
Project("{2150E333-8FDC-42A3-9474-1A3956D46DE8}") = "Services", "Services", "{CF798E28-43FC-44B6-B9B2-7447A32EAA06}"
EndProject
Project("{2150E333-8FDC-42A3-9474-1A3956D46DE8}") = "Products", "Products", "{94C4F703-99C1-449C-A94E-274B60A75F6C}"
EndProject
Project("{9A19103F-16F7-4668-BE54-9A1E7A4F7556}") = "SkateStore.Api", "src\SkateStore.Api\SkateStore.Api.csproj", "{FE482F12-84A5-4C99-9F85-C10CCC34D71B}"
EndProject
Project("{9A19103F-16F7-4668-BE54-9A1E7A4F7556}") = "SkateStore.ApiGateways", "src\SkateStore.ApiGateways\SkateStore.ApiGateways.csproj", "{9B44E371-A9D5-4CBF-B265-75F0025059A5}"
EndProject
Project("{2150E333-8FDC-42A3-9474-1A3956D46DE8}") = "Application", "Application", "{DBB1B85B-C9FE-4D91-BC9B-1CE80FA04F71}"
EndProject
Project("{2150E333-8FDC-42A3-9474-1A3956D46DE8}") = "Domain", "Domain", "{F262AA56-E688-49CE-9B0D-D2D5BD82EDEA}"
EndProject
Project("{2150E333-8FDC-42A3-9474-1A3956D46DE8}") = "Infrastructure", "Infrastructure", "{33B8CF26-6327-4A95-9DBA-C8D1C7537276}"
EndProject
Project("{9A19103F-16F7-4668-BE54-9A1E7A4F7556}") = "SkateStore.Products.Application.gRPC", "src\SkateStore.Products.Application.gRPC\SkateStore.Products.Application.gRPC.csproj", "{5D1F6726-C41E-4199-836F-7652B09F2D4B}"
EndProject
Project("{2150E333-8FDC-42A3-9474-1A3956D46DE8}") = "Identity", "Identity", "{9384E6C3-1649-44C6-A3D0-6C0C5831C56B}"
EndProject
Project("{9A19103F-16F7-4668-BE54-9A1E7A4F7556}") = "SkateStore.IdentityApi", "src\SkateStore.IdentityApi\SkateStore.IdentityApi.csproj", "{9EB74EF9-9A44-4035-BBD3-330110326C8F}"
EndProject
Project("{9A19103F-16F7-4668-BE54-9A1E7A4F7556}") = "SkateStore.IdentityApi.Test", "tests\SkateStore.IdentityApi.Test\SkateStore.IdentityApi.Test.csproj", "{E5246E0D-8B24-41E7-99D2-A0CA0320199B}"
EndProject
Project("{9A19103F-16F7-4668-BE54-9A1E7A4F7556}") = "SkateStore.Products.Domain", "src\SkateStore.Products.Domain\SkateStore.Products.Domain.csproj", "{FD3D7DD4-E8F8-4D81-9068-39464AF88599}"
EndProject
Project("{2150E333-8FDC-42A3-9474-1A3956D46DE8}") = "Data", "Data", "{65826605-15EF-4F8D-9256-6063EAA1FB86}"
EndProject
Project("{9A19103F-16F7-4668-BE54-9A1E7A4F7556}") = "SkateStore.Products.Infra.Data", "src\SkateStore.Products.Infra.Data\SkateStore.Products.Infra.Data.csproj", "{DD0ECF4D-458E-4001-8573-220E9FAFBC18}"
EndProject
Global
	GlobalSection(SolutionConfigurationPlatforms) = preSolution
		Debug|Any CPU = Debug|Any CPU
		Release|Any CPU = Release|Any CPU
	EndGlobalSection
	GlobalSection(ProjectConfigurationPlatforms) = postSolution
		{FE482F12-84A5-4C99-9F85-C10CCC34D71B}.Debug|Any CPU.ActiveCfg = Debug|Any CPU
		{FE482F12-84A5-4C99-9F85-C10CCC34D71B}.Debug|Any CPU.Build.0 = Debug|Any CPU
		{FE482F12-84A5-4C99-9F85-C10CCC34D71B}.Release|Any CPU.ActiveCfg = Release|Any CPU
		{FE482F12-84A5-4C99-9F85-C10CCC34D71B}.Release|Any CPU.Build.0 = Release|Any CPU
		{9B44E371-A9D5-4CBF-B265-75F0025059A5}.Debug|Any CPU.ActiveCfg = Debug|Any CPU
		{9B44E371-A9D5-4CBF-B265-75F0025059A5}.Debug|Any CPU.Build.0 = Debug|Any CPU
		{9B44E371-A9D5-4CBF-B265-75F0025059A5}.Release|Any CPU.ActiveCfg = Release|Any CPU
		{9B44E371-A9D5-4CBF-B265-75F0025059A5}.Release|Any CPU.Build.0 = Release|Any CPU
		{5D1F6726-C41E-4199-836F-7652B09F2D4B}.Debug|Any CPU.ActiveCfg = Debug|Any CPU
		{5D1F6726-C41E-4199-836F-7652B09F2D4B}.Debug|Any CPU.Build.0 = Debug|Any CPU
		{5D1F6726-C41E-4199-836F-7652B09F2D4B}.Release|Any CPU.ActiveCfg = Release|Any CPU
		{5D1F6726-C41E-4199-836F-7652B09F2D4B}.Release|Any CPU.Build.0 = Release|Any CPU
		{9EB74EF9-9A44-4035-BBD3-330110326C8F}.Debug|Any CPU.ActiveCfg = Debug|Any CPU
		{9EB74EF9-9A44-4035-BBD3-330110326C8F}.Debug|Any CPU.Build.0 = Debug|Any CPU
		{9EB74EF9-9A44-4035-BBD3-330110326C8F}.Release|Any CPU.ActiveCfg = Release|Any CPU
		{9EB74EF9-9A44-4035-BBD3-330110326C8F}.Release|Any CPU.Build.0 = Release|Any CPU
		{E5246E0D-8B24-41E7-99D2-A0CA0320199B}.Debug|Any CPU.ActiveCfg = Debug|Any CPU
		{E5246E0D-8B24-41E7-99D2-A0CA0320199B}.Debug|Any CPU.Build.0 = Debug|Any CPU
		{E5246E0D-8B24-41E7-99D2-A0CA0320199B}.Release|Any CPU.ActiveCfg = Release|Any CPU
		{E5246E0D-8B24-41E7-99D2-A0CA0320199B}.Release|Any CPU.Build.0 = Release|Any CPU
		{FD3D7DD4-E8F8-4D81-9068-39464AF88599}.Debug|Any CPU.ActiveCfg = Debug|Any CPU
		{FD3D7DD4-E8F8-4D81-9068-39464AF88599}.Debug|Any CPU.Build.0 = Debug|Any CPU
		{FD3D7DD4-E8F8-4D81-9068-39464AF88599}.Release|Any CPU.ActiveCfg = Release|Any CPU
		{FD3D7DD4-E8F8-4D81-9068-39464AF88599}.Release|Any CPU.Build.0 = Release|Any CPU
		{DD0ECF4D-458E-4001-8573-220E9FAFBC18}.Debug|Any CPU.ActiveCfg = Debug|Any CPU
		{DD0ECF4D-458E-4001-8573-220E9FAFBC18}.Debug|Any CPU.Build.0 = Debug|Any CPU
		{DD0ECF4D-458E-4001-8573-220E9FAFBC18}.Release|Any CPU.ActiveCfg = Release|Any CPU
		{DD0ECF4D-458E-4001-8573-220E9FAFBC18}.Release|Any CPU.Build.0 = Release|Any CPU
	EndGlobalSection
	GlobalSection(SolutionProperties) = preSolution
		HideSolutionNode = FALSE
	EndGlobalSection
	GlobalSection(NestedProjects) = preSolution
		{8A09662C-E47C-4A42-BE8A-7B787136188E} = {E1FC67C1-92CB-4721-A51C-44B06DA81661}
		{BE6E2C00-541F-47D7-B5B9-6D9C145D3E16} = {CF798E28-43FC-44B6-B9B2-7447A32EAA06}
		{CF798E28-43FC-44B6-B9B2-7447A32EAA06} = {E1FC67C1-92CB-4721-A51C-44B06DA81661}
		{94C4F703-99C1-449C-A94E-274B60A75F6C} = {CF798E28-43FC-44B6-B9B2-7447A32EAA06}
		{FE482F12-84A5-4C99-9F85-C10CCC34D71B} = {BE6E2C00-541F-47D7-B5B9-6D9C145D3E16}
		{9B44E371-A9D5-4CBF-B265-75F0025059A5} = {8A09662C-E47C-4A42-BE8A-7B787136188E}
		{DBB1B85B-C9FE-4D91-BC9B-1CE80FA04F71} = {94C4F703-99C1-449C-A94E-274B60A75F6C}
		{F262AA56-E688-49CE-9B0D-D2D5BD82EDEA} = {94C4F703-99C1-449C-A94E-274B60A75F6C}
		{33B8CF26-6327-4A95-9DBA-C8D1C7537276} = {94C4F703-99C1-449C-A94E-274B60A75F6C}
		{5D1F6726-C41E-4199-836F-7652B09F2D4B} = {DBB1B85B-C9FE-4D91-BC9B-1CE80FA04F71}
		{9384E6C3-1649-44C6-A3D0-6C0C5831C56B} = {CF798E28-43FC-44B6-B9B2-7447A32EAA06}
		{9EB74EF9-9A44-4035-BBD3-330110326C8F} = {9384E6C3-1649-44C6-A3D0-6C0C5831C56B}
		{E5246E0D-8B24-41E7-99D2-A0CA0320199B} = {9384E6C3-1649-44C6-A3D0-6C0C5831C56B}
		{FD3D7DD4-E8F8-4D81-9068-39464AF88599} = {F262AA56-E688-49CE-9B0D-D2D5BD82EDEA}
		{65826605-15EF-4F8D-9256-6063EAA1FB86} = {33B8CF26-6327-4A95-9DBA-C8D1C7537276}
		{DD0ECF4D-458E-4001-8573-220E9FAFBC18} = {65826605-15EF-4F8D-9256-6063EAA1FB86}
	EndGlobalSection
	GlobalSection(ExtensibilityGlobals) = postSolution
		SolutionGuid = {E6797A15-CF95-4621-9FAE-4BE24C632A1A}
	EndGlobalSection
EndGlobal
